
Microsoft Visual Studio Solution File, Format Version 12.00
# Visual Studio 15
VisualStudioVersion = 15.0.27703.2026
MinimumVisualStudioVersion = 10.0.40219.1
Project("{FAE04EC0-301F-11D3-BF4B-00C04F79EFBC}") = "Web", "Web\Web.csproj", "{65CADBCC-98DE-4D24-A008-016A00920E77}"
EndProject
Project("{FAE04EC0-301F-11D3-BF4B-00C04F79EFBC}") = "Domain", "Domain\Domain.csproj", "{55A31C85-2E53-4856-8C0A-3DA240BFF9B7}"
EndProject
Global
	GlobalSection(SolutionConfigurationPlatforms) = preSolution
		Debug|Any CPU = Debug|Any CPU
		Release|Any CPU = Release|Any CPU
	EndGlobalSection
	GlobalSection(ProjectConfigurationPlatforms) = postSolution
		{65CADBCC-98DE-4D24-A008-016A00920E77}.Debug|Any CPU.ActiveCfg = Debug|Any CPU
		{65CADBCC-98DE-4D24-A008-016A00920E77}.Debug|Any CPU.Build.0 = Debug|Any CPU
		{65CADBCC-98DE-4D24-A008-016A00920E77}.Release|Any CPU.ActiveCfg = Release|Any CPU
		{65CADBCC-98DE-4D24-A008-016A00920E77}.Release|Any CPU.Build.0 = Release|Any CPU
		{55A31C85-2E53-4856-8C0A-3DA240BFF9B7}.Debug|Any CPU.ActiveCfg = Debug|Any CPU
		{55A31C85-2E53-4856-8C0A-3DA240BFF9B7}.Debug|Any CPU.Build.0 = Debug|Any CPU
		{55A31C85-2E53-4856-8C0A-3DA240BFF9B7}.Release|Any CPU.ActiveCfg = Release|Any CPU
		{55A31C85-2E53-4856-8C0A-3DA240BFF9B7}.Release|Any CPU.Build.0 = Release|Any CPU
	EndGlobalSection
	GlobalSection(SolutionProperties) = preSolution
		HideSolutionNode = FALSE
	EndGlobalSection
	GlobalSection(ExtensibilityGlobals) = postSolution
		SolutionGuid = {0401A38A-AC50-4644-8CDA-294C5CF7F3B7}
	EndGlobalSection
EndGlobal
